
Microsoft Visual Studio Solution File, Format Version 12.00
# Visual Studio Version 16
VisualStudioVersion = 16.0.31112.23
MinimumVisualStudioVersion = 10.0.40219.1
Project("{FAE04EC0-301F-11D3-BF4B-00C04F79EFBC}") = "ProyectoDSIPPAI", "ProyectoDSIPPAI\ProyectoDSIPPAI.csproj", "{61094DC4-96BD-4ACC-9D5A-F2DE86AE7487}"
EndProject
Global
	GlobalSection(SolutionConfigurationPlatforms) = preSolution
		Debug|Any CPU = Debug|Any CPU
		Release|Any CPU = Release|Any CPU
	EndGlobalSection
	GlobalSection(ProjectConfigurationPlatforms) = postSolution
		{61094DC4-96BD-4ACC-9D5A-F2DE86AE7487}.Debug|Any CPU.ActiveCfg = Debug|Any CPU
		{61094DC4-96BD-4ACC-9D5A-F2DE86AE7487}.Debug|Any CPU.Build.0 = Debug|Any CPU
		{61094DC4-96BD-4ACC-9D5A-F2DE86AE7487}.Release|Any CPU.ActiveCfg = Release|Any CPU
		{61094DC4-96BD-4ACC-9D5A-F2DE86AE7487}.Release|Any CPU.Build.0 = Release|Any CPU
	EndGlobalSection
	GlobalSection(SolutionProperties) = preSolution
		HideSolutionNode = FALSE
	EndGlobalSection
	GlobalSection(ExtensibilityGlobals) = postSolution
		SolutionGuid = {3B643278-F159-4F97-BF11-B92FCF61CB6F}
	EndGlobalSection
EndGlobal
